
Microsoft Visual Studio Solution File, Format Version 12.00
# Visual Studio Version 17
VisualStudioVersion = 17.5.33424.131
MinimumVisualStudioVersion = 10.0.40219.1
Project("{9A19103F-16F7-4668-BE54-9A1E7A4F7556}") = "ESFE.Reserva.EN", "ESFE.Reserva.EN\ESFE.Reserva.EN.csproj", "{A9B0C422-AE8F-4B95-83B7-C13AEA0F1495}"
EndProject
Project("{9A19103F-16F7-4668-BE54-9A1E7A4F7556}") = "ESFE.Reserva.DAL", "ESFE.Reserva.DAL\ESFE.Reserva.DAL.csproj", "{C57747F4-A97C-4D18-B3C0-DE3977E4A09A}"
EndProject
Project("{9A19103F-16F7-4668-BE54-9A1E7A4F7556}") = "ESFE.Reserva.BL", "ESFE.Reserva.BL\ESFE.Reserva.BL.csproj", "{3C1EA1F3-515A-473C-ADFA-83841C190B70}"
EndProject
Project("{9A19103F-16F7-4668-BE54-9A1E7A4F7556}") = "ESFE.Reserva.UI", "ESFE.Reserva.UI\ESFE.Reserva.UI.csproj", "{22706C29-91DF-4127-BD95-C76C67906869}"
EndProject
Global
	GlobalSection(SolutionConfigurationPlatforms) = preSolution
		Debug|Any CPU = Debug|Any CPU
		Release|Any CPU = Release|Any CPU
	EndGlobalSection
	GlobalSection(ProjectConfigurationPlatforms) = postSolution
		{A9B0C422-AE8F-4B95-83B7-C13AEA0F1495}.Debug|Any CPU.ActiveCfg = Debug|Any CPU
		{A9B0C422-AE8F-4B95-83B7-C13AEA0F1495}.Debug|Any CPU.Build.0 = Debug|Any CPU
		{A9B0C422-AE8F-4B95-83B7-C13AEA0F1495}.Release|Any CPU.ActiveCfg = Release|Any CPU
		{A9B0C422-AE8F-4B95-83B7-C13AEA0F1495}.Release|Any CPU.Build.0 = Release|Any CPU
		{C57747F4-A97C-4D18-B3C0-DE3977E4A09A}.Debug|Any CPU.ActiveCfg = Debug|Any CPU
		{C57747F4-A97C-4D18-B3C0-DE3977E4A09A}.Debug|Any CPU.Build.0 = Debug|Any CPU
		{C57747F4-A97C-4D18-B3C0-DE3977E4A09A}.Release|Any CPU.ActiveCfg = Release|Any CPU
		{C57747F4-A97C-4D18-B3C0-DE3977E4A09A}.Release|Any CPU.Build.0 = Release|Any CPU
		{3C1EA1F3-515A-473C-ADFA-83841C190B70}.Debug|Any CPU.ActiveCfg = Debug|Any CPU
		{3C1EA1F3-515A-473C-ADFA-83841C190B70}.Debug|Any CPU.Build.0 = Debug|Any CPU
		{3C1EA1F3-515A-473C-ADFA-83841C190B70}.Release|Any CPU.ActiveCfg = Release|Any CPU
		{3C1EA1F3-515A-473C-ADFA-83841C190B70}.Release|Any CPU.Build.0 = Release|Any CPU
		{22706C29-91DF-4127-BD95-C76C67906869}.Debug|Any CPU.ActiveCfg = Debug|Any CPU
		{22706C29-91DF-4127-BD95-C76C67906869}.Debug|Any CPU.Build.0 = Debug|Any CPU
		{22706C29-91DF-4127-BD95-C76C67906869}.Release|Any CPU.ActiveCfg = Release|Any CPU
		{22706C29-91DF-4127-BD95-C76C67906869}.Release|Any CPU.Build.0 = Release|Any CPU
	EndGlobalSection
	GlobalSection(SolutionProperties) = preSolution
		HideSolutionNode = FALSE
	EndGlobalSection
	GlobalSection(ExtensibilityGlobals) = postSolution
		SolutionGuid = {5AB0C261-192C-441A-BA7B-D5B493C316CE}
	EndGlobalSection
EndGlobal
